
Microsoft Visual Studio Solution File, Format Version 12.00
# Visual Studio Version 17
VisualStudioVersion = 17.14.36915.13 d17.14
MinimumVisualStudioVersion = 10.0.40219.1
Project("{FAE04EC0-301F-11D3-BF4B-00C04F79EFBC}") = "Studyshield", "Studyshield\Studyshield.csproj", "{756B650A-725D-4161-B317-CC9E534D6BBC}"
EndProject
Global
	GlobalSection(SolutionConfigurationPlatforms) = preSolution
		Debug|Any CPU = Debug|Any CPU
		Release|Any CPU = Release|Any CPU
	EndGlobalSection
	GlobalSection(ProjectConfigurationPlatforms) = postSolution
		{756B650A-725D-4161-B317-CC9E534D6BBC}.Debug|Any CPU.ActiveCfg = Debug|Any CPU
		{756B650A-725D-4161-B317-CC9E534D6BBC}.Debug|Any CPU.Build.0 = Debug|Any CPU
		{756B650A-725D-4161-B317-CC9E534D6BBC}.Release|Any CPU.ActiveCfg = Release|Any CPU
		{756B650A-725D-4161-B317-CC9E534D6BBC}.Release|Any CPU.Build.0 = Release|Any CPU
	EndGlobalSection
	GlobalSection(SolutionProperties) = preSolution
		HideSolutionNode = FALSE
	EndGlobalSection
	GlobalSection(ExtensibilityGlobals) = postSolution
		SolutionGuid = {BA7C82CE-FBC6-482A-9783-364BEA319AF3}
	EndGlobalSection
EndGlobal
